
Microsoft Visual Studio Solution File, Format Version 12.00
# Visual Studio Version 17
VisualStudioVersion = 17.8.34316.72
MinimumVisualStudioVersion = 10.0.40219.1
Project("{FAE04EC0-301F-11D3-BF4B-00C04F79EFBC}") = "Okienka dialogowe", "Okienka dialogowe\Okienka dialogowe.csproj", "{23A2676F-42AA-44FA-967A-9DC2B1EF4BC3}"
EndProject
Global
	GlobalSection(SolutionConfigurationPlatforms) = preSolution
		Debug|Any CPU = Debug|Any CPU
		Release|Any CPU = Release|Any CPU
	EndGlobalSection
	GlobalSection(ProjectConfigurationPlatforms) = postSolution
		{23A2676F-42AA-44FA-967A-9DC2B1EF4BC3}.Debug|Any CPU.ActiveCfg = Debug|Any CPU
		{23A2676F-42AA-44FA-967A-9DC2B1EF4BC3}.Debug|Any CPU.Build.0 = Debug|Any CPU
		{23A2676F-42AA-44FA-967A-9DC2B1EF4BC3}.Release|Any CPU.ActiveCfg = Release|Any CPU
		{23A2676F-42AA-44FA-967A-9DC2B1EF4BC3}.Release|Any CPU.Build.0 = Release|Any CPU
	EndGlobalSection
	GlobalSection(SolutionProperties) = preSolution
		HideSolutionNode = FALSE
	EndGlobalSection
	GlobalSection(ExtensibilityGlobals) = postSolution
		SolutionGuid = {6AABF897-178D-4239-A120-4197C56D4157}
	EndGlobalSection
EndGlobal
